
Microsoft Visual Studio Solution File, Format Version 12.00
# Visual Studio Version 16
VisualStudioVersion = 16.0.35425.106
MinimumVisualStudioVersion = 10.0.40219.1
Project("{FAE04EC0-301F-11D3-BF4B-00C04F79EFBC}") = "SokobanSolver", "SokobanSolver\SokobanSolver.csproj", "{C1F46038-9986-48D6-BC6F-B3353DB7FDB1}"
EndProject
Global
	GlobalSection(SolutionConfigurationPlatforms) = preSolution
		Debug|Any CPU = Debug|Any CPU
		Release|Any CPU = Release|Any CPU
	EndGlobalSection
	GlobalSection(ProjectConfigurationPlatforms) = postSolution
		{C1F46038-9986-48D6-BC6F-B3353DB7FDB1}.Debug|Any CPU.ActiveCfg = Debug|Any CPU
		{C1F46038-9986-48D6-BC6F-B3353DB7FDB1}.Debug|Any CPU.Build.0 = Debug|Any CPU
		{C1F46038-9986-48D6-BC6F-B3353DB7FDB1}.Release|Any CPU.ActiveCfg = Release|Any CPU
		{C1F46038-9986-48D6-BC6F-B3353DB7FDB1}.Release|Any CPU.Build.0 = Release|Any CPU
	EndGlobalSection
	GlobalSection(SolutionProperties) = preSolution
		HideSolutionNode = FALSE
	EndGlobalSection
	GlobalSection(ExtensibilityGlobals) = postSolution
		SolutionGuid = {0E788B03-381B-4C8D-9E93-22ACE9E30880}
	EndGlobalSection
EndGlobal
